{
  "nodes": {
    "agenix": {
      "inputs": {
        "nixpkgs": [
          "nixos"
        ]
      },
      "locked": {
        "lastModified": 1631896269,
        "narHash": "sha256-DAyCxJ8JacayOzGgGSfzrn7ghtsfL/EsCyk1NEUaAR8=",
        "owner": "ryantm",
        "repo": "agenix",
        "rev": "daf1d773989ac5d949aeef03fce0fe27e583dbca",
        "type": "github"
      },
      "original": {
        "owner": "ryantm",
        "repo": "agenix",
        "type": "github"
      }
    },
    "blank": {
      "locked": {
        "lastModified": 1625557891,
        "narHash": "sha256-O8/MWsPBGhhyPoPLHZAuoZiiHo9q6FLlEeIDEXuj6T4=",
        "owner": "divnix",
        "repo": "blank",
        "rev": "5a5d2684073d9f563072ed07c871d577a6c614a8",
        "type": "github"
      },
      "original": {
        "owner": "divnix",
        "repo": "blank",
        "type": "github"
      }
    },
    "bud": {
      "inputs": {
        "beautysh": [
          "nixos"
        ],
        "devshell": [
          "digga",
          "devshell"
        ],
        "nixpkgs": [
          "nixos"
        ]
      },
      "locked": {
        "lastModified": 1630939671,
        "narHash": "sha256-ugNOm7DUHk9kxtD+FNZcRdzyiZKm/wpA0SYeBTg+DO4=",
        "owner": "divnix",
        "repo": "bud",
        "rev": "26ba27616647dcd08dac2ee818721bc748c4ac61",
        "type": "github"
      },
      "original": {
        "owner": "divnix",
        "repo": "bud",
        "type": "github"
      }
    },
    "darwin": {
      "inputs": {
        "nixpkgs": [
          "nixos"
        ]
      },
      "locked": {
        "lastModified": 1631730143,
        "narHash": "sha256-A8PaUyZu5WVp+IojG5q+39rjf5x57OFDYmVoDFPZLlY=",
        "owner": "LnL7",
        "repo": "nix-darwin",
        "rev": "e1a3f7292f085fd588d11f94ed0f47968c16df0c",
        "type": "github"
      },
      "original": {
        "owner": "LnL7",
        "repo": "nix-darwin",
        "type": "github"
      }
    },
    "devshell": {
      "locked": {
        "lastModified": 1629275356,
        "narHash": "sha256-R17M69EKXP6q8/mNHaK53ECwjFo1pdF+XaJC9Qq8zjg=",
        "owner": "numtide",
        "repo": "devshell",
        "rev": "26f25a12265f030917358a9632cd600b51af1d97",
        "type": "github"
      },
      "original": {
        "owner": "numtide",
        "repo": "devshell",
        "type": "github"
      }
    },
    "digga": {
      "inputs": {
        "blank": "blank",
        "deploy": [
          "nixos"
        ],
        "devshell": "devshell",
        "flake-utils": "flake-utils",
        "flake-utils-plus": "flake-utils-plus",
        "home-manager": [
          "home"
        ],
        "nix": "nix",
        "nixlib": [
          "nixos"
        ],
        "nixos-generators": "nixos-generators",
        "nixpkgs": [
          "nixos"
        ]
      },
      "locked": {
        "lastModified": 1631974852,
        "narHash": "sha256-f2K83yDufQWp22kjtOQXHfsXXyUbndCMxrhG57mI9DE=",
        "owner": "divnix",
        "repo": "digga",
        "rev": "8e91e1814ef0ab294731ceb106ffdac009363702",
        "type": "github"
      },
      "original": {
        "owner": "divnix",
        "repo": "digga",
        "type": "github"
      }
    },
    "flake-compat": {
      "flake": false,
      "locked": {
        "lastModified": 1627913399,
        "narHash": "sha256-hY8g6H2KFL8ownSiFeMOjwPC8P0ueXpCVEbxgda3pko=",
        "owner": "edolstra",
        "repo": "flake-compat",
        "rev": "12c64ca55c1014cdc1b16ed5a804aa8576601ff2",
        "type": "github"
      },
      "original": {
        "owner": "edolstra",
        "repo": "flake-compat",
        "type": "github"
      }
    },
    "flake-utils": {
      "locked": {
        "lastModified": 1623875721,
        "narHash": "sha256-A8BU7bjS5GirpAUv4QA+QnJ4CceLHkcXdRp4xITDB0s=",
        "owner": "numtide",
        "repo": "flake-utils",
        "rev": "f7e004a55b120c02ecb6219596820fcd32ca8772",
        "type": "github"
      },
      "original": {
        "owner": "numtide",
        "repo": "flake-utils",
        "type": "github"
      }
    },
    "flake-utils-plus": {
      "inputs": {
        "flake-utils": [
          "digga",
          "flake-utils"
        ]
      },
      "locked": {
        "lastModified": 1630859749,
        "narHash": "sha256-qkoU2rIbbP2+T0dfcqXW35GCWNsi0Y1IgN9BELmt4Zo=",
        "owner": "divnix",
        "repo": "flake-utils-plus",
        "rev": "a4e267e3fc87e60c5029c6c3855935ff1ff3018e",
        "type": "github"
      },
      "original": {
        "owner": "divnix",
        "repo": "flake-utils-plus",
        "type": "github"
      }
    },
    "home": {
      "inputs": {
        "nixpkgs": [
          "nixos"
        ]
      },
      "locked": {
        "lastModified": 1631573611,
        "narHash": "sha256-u2E/wstadWNcn6vOIoK1xY86QPOzzBZQfT1FbePfdaI=",
        "owner": "nix-community",
        "repo": "home-manager",
        "rev": "7d9ba15214004c979d2c8733f8be12ce6502cf8a",
        "type": "github"
      },
      "original": {
        "owner": "nix-community",
        "ref": "release-21.05",
        "repo": "home-manager",
        "type": "github"
      }
    },
    "latest": {
      "locked": {
        "lastModified": 1631785487,
        "narHash": "sha256-VSKEvOtaY/roDxEHFxXh6GguOqqWCJZ3E06fBdKu8+I=",
        "owner": "nixos",
        "repo": "nixpkgs",
        "rev": "79c444b5bdeaba142d128afddee14c89ecf2a968",
        "type": "github"
      },
      "original": {
        "owner": "nixos",
        "ref": "nixos-unstable",
        "repo": "nixpkgs",
        "type": "github"
      }
    },
    "lowdown-src": {
      "flake": false,
      "locked": {
        "lastModified": 1617481909,
        "narHash": "sha256-SqnfOFuLuVRRNeVJr1yeEPJue/qWoCp5N6o5Kr///p4=",
        "owner": "kristapsdz",
        "repo": "lowdown",
        "rev": "148f9b2f586c41b7e36e73009db43ea68c7a1a4d",
        "type": "github"
      },
      "original": {
        "owner": "kristapsdz",
        "ref": "VERSION_0_8_4",
        "repo": "lowdown",
        "type": "github"
      }
    },
    "naersk": {
      "inputs": {
        "nixpkgs": [
          "nixos"
        ]
      },
      "locked": {
        "lastModified": 1631004250,
        "narHash": "sha256-LGh0CjAZwh13AVkTi9w9lITEC7x6bwSQyFViOZ6HyNo=",
        "owner": "nmattia",
        "repo": "naersk",
        "rev": "08afb3d1dbfe016108b72e05b02ba0f6ecb3c8e1",
        "type": "github"
      },
      "original": {
        "owner": "nmattia",
        "repo": "naersk",
        "type": "github"
      }
    },
    "nix": {
      "inputs": {
        "lowdown-src": "lowdown-src",
        "nixpkgs": [
          "digga",
          "nixpkgs"
        ]
      },
      "locked": {
        "lastModified": 1630335771,
        "narHash": "sha256-eljjEPJdLK3aDskF7qX4YM/6KCq+w9nr+IKhrKW/AIQ=",
        "owner": "nixos",
        "repo": "nix",
        "rev": "50a35860ee9237d341948437c5f70a7f0987d393",
        "type": "github"
      },
      "original": {
        "owner": "nixos",
        "repo": "nix",
        "type": "github"
      }
    },
    "nix-ld": {
      "inputs": {
        "nixpkgs": [
          "nixos"
        ],
        "utils": "utils"
      },
      "locked": {
        "lastModified": 1631525093,
        "narHash": "sha256-wIPvR8Cr4B2kqDmbJLndJx/bepf4RwcbezCD7TnPiso=",
        "owner": "Mic92",
        "repo": "nix-ld",
        "rev": "6b7c79223bd1e22c94bc71f4656dcd3da3231e5a",
        "type": "github"
      },
      "original": {
        "owner": "Mic92",
        "repo": "nix-ld",
        "type": "github"
      }
    },
    "nixos": {
      "locked": {
        "lastModified": 1632044741,
        "narHash": "sha256-c23tDNSAy7iZBar5GmTmioLqoEzyH7/KAWjbjQzP268=",
        "owner": "nixos",
        "repo": "nixpkgs",
        "rev": "79cfaa09fa73866147a4a58511d6c5f36f7972a4",
        "type": "github"
      },
      "original": {
        "owner": "nixos",
        "ref": "release-21.05",
        "repo": "nixpkgs",
        "type": "github"
      }
    },
    "nixos-generators": {
      "inputs": {
        "nixlib": [
          "digga",
          "nixlib"
        ],
        "nixpkgs": [
          "digga",
          "blank"
        ]
      },
      "locked": {
        "lastModified": 1624973746,
        "narHash": "sha256-11JbJRduNwyf556gndGErR5/12ceyHOHBfEuha5Vws4=",
        "owner": "nix-community",
        "repo": "nixos-generators",
        "rev": "022ef440af8dc237ab1f59fa363cb1e25783ec3e",
        "type": "github"
      },
      "original": {
        "owner": "nix-community",
        "repo": "nixos-generators",
        "type": "github"
      }
    },
    "nixos-hardware": {
      "locked": {
        "lastModified": 1631875434,
        "narHash": "sha256-qmaLTz4ituJJ8DNoHwmrrCRmABMoNqNLJewxWpuZals=",
        "owner": "nixos",
        "repo": "nixos-hardware",
        "rev": "16fca9df230408608846940981b4037762420b1b",
        "type": "github"
      },
      "original": {
        "owner": "nixos",
        "repo": "nixos-hardware",
        "type": "github"
      }
    },
    "nur": {
      "locked": {
        "lastModified": 1626378135,
        "narHash": "sha256-koC6DBYmLCrgXA+AMHVaODf1uHYPmvcFygHfy3eg6vI=",
        "path": "/nix/store/6mfkswqi67m35qwv0vh7kpk8rypbl2rq-source",
        "rev": "00c2ec8f0bbdf0cfb2135bde55fbae5d6b64aa6d",
        "type": "path"
      },
      "original": {
        "id": "nur",
        "type": "indirect"
      }
    },
    "nvfetcher": {
      "inputs": {
        "flake-compat": [
          "flake-compat"
        ],
        "flake-utils": [
          "digga",
          "flake-utils-plus",
          "flake-utils"
        ],
        "nixpkgs": [
          "nixos"
        ]
      },
      "locked": {
        "lastModified": 1628690139,
        "narHash": "sha256-9bk59V0YjZnMfSQMCHuYVPA/Bc3enjTtoyTWt1B3/zE=",
        "owner": "berberman",
        "repo": "nvfetcher",
        "rev": "e9600782adbf6fb8217087bd2f05335cad96e542",
        "type": "github"
      },
      "original": {
        "owner": "berberman",
        "repo": "nvfetcher",
        "type": "github"
      }
    },
    "nvidiavgpu": {
      "locked": {
        "lastModified": 1630095953,
        "narHash": "sha256-gpc5BNomFp2qZjq4yXN+Fg66X2BBa7VK18Btpot0B8g=",
        "owner": "remgodow",
        "repo": "nixos-nvidia-vgpu",
        "rev": "cca2f597d34598beba2647b909ed655d78a4dad3",
        "type": "github"
      },
      "original": {
        "owner": "remgodow",
        "ref": "5.10-460.32",
        "repo": "nixos-nvidia-vgpu",
        "type": "github"
      }
    },
    "root": {
      "inputs": {
        "agenix": "agenix",
        "blank": [
          "digga",
          "blank"
        ],
        "bud": "bud",
        "darwin": "darwin",
        "deploy": [
          "digga",
          "deploy"
        ],
        "digga": "digga",
        "flake-compat": "flake-compat",
        "flake-utils": [
          "digga",
          "flake-utils"
        ],
        "flake-utils-plus": [
          "digga",
          "flake-utils-plus"
        ],
        "home": "home",
        "latest": "latest",
        "naersk": "naersk",
        "nix-ld": "nix-ld",
        "nixlib": [
          "digga",
          "nixlib"
        ],
        "nixos": "nixos",
        "nixos-hardware": "nixos-hardware",
        "nixpkgs": [
          "nixos"
        ],
        "nur": "nur",
        "nvfetcher": "nvfetcher",
        "nvidiavgpu": "nvidiavgpu"
      }
    },
    "utils": {
      "locked": {
        "lastModified": 1610051610,
        "narHash": "sha256-U9rPz/usA1/Aohhk7Cmc2gBrEEKRzcW4nwPWMPwja4Y=",
        "owner": "numtide",
        "repo": "flake-utils",
        "rev": "3982c9903e93927c2164caa727cd3f6a0e6d14cc",
        "type": "github"
      },
      "original": {
        "owner": "numtide",
        "repo": "flake-utils",
        "type": "github"
      }
    }
  },
  "root": "root",
  "version": 7
}
